
Microsoft Visual Studio Solution File, Format Version 12.00
# Visual Studio Version 16
VisualStudioVersion = 16.0.31515.178
MinimumVisualStudioVersion = 10.0.40219.1
Project("{FAE04EC0-301F-11D3-BF4B-00C04F79EFBC}") = "ATMSoftwareSystem", "BlankenshipATM\ATMSoftwareSystem.csproj", "{A8A360B9-16BF-4BED-8980-C4F8913C51CA}"
EndProject
Global
	GlobalSection(SolutionConfigurationPlatforms) = preSolution
		Debug|Any CPU = Debug|Any CPU
		Release|Any CPU = Release|Any CPU
	EndGlobalSection
	GlobalSection(ProjectConfigurationPlatforms) = postSolution
		{A8A360B9-16BF-4BED-8980-C4F8913C51CA}.Debug|Any CPU.ActiveCfg = Debug|Any CPU
		{A8A360B9-16BF-4BED-8980-C4F8913C51CA}.Debug|Any CPU.Build.0 = Debug|Any CPU
		{A8A360B9-16BF-4BED-8980-C4F8913C51CA}.Release|Any CPU.ActiveCfg = Release|Any CPU
		{A8A360B9-16BF-4BED-8980-C4F8913C51CA}.Release|Any CPU.Build.0 = Release|Any CPU
	EndGlobalSection
	GlobalSection(SolutionProperties) = preSolution
		HideSolutionNode = FALSE
	EndGlobalSection
	GlobalSection(ExtensibilityGlobals) = postSolution
		SolutionGuid = {24123335-1BF1-4E7B-8565-C6C753B43BF0}
	EndGlobalSection
EndGlobal
